// !$*UTF8*$!
{
	archiveVersion = 1;
	classes = {
	};
	objectVersion = 56;
	objects = {

/* Begin PBXBuildFile section */
		39605E0D2A70673600A8C47B /* PersistentContainer.swift in Sources */ = {isa = PBXBuildFile; fileRef = 39605E0C2A70673600A8C47B /* PersistentContainer.swift */; };
		39605E162A70E89100A8C47B /* LaunchView.swift in Sources */ = {isa = PBXBuildFile; fileRef = 39605E152A70E89100A8C47B /* LaunchView.swift */; };
		39605E182A70E90C00A8C47B /* CharacterListView.swift in Sources */ = {isa = PBXBuildFile; fileRef = 39605E172A70E90C00A8C47B /* CharacterListView.swift */; };
		39605E1C2A70EEDB00A8C47B /* CharacterDetailView.swift in Sources */ = {isa = PBXBuildFile; fileRef = 39605E1B2A70EEDB00A8C47B /* CharacterDetailView.swift */; };
		39605E1E2A70F42000A8C47B /* CharacterDetailTableView.swift in Sources */ = {isa = PBXBuildFile; fileRef = 39605E1D2A70F42000A8C47B /* CharacterDetailTableView.swift */; };
		3964887E2A6EC7F6008B4CC4 /* speedrun.gif in Resources */ = {isa = PBXBuildFile; fileRef = 3964887D2A6EC7F6008B4CC4 /* speedrun.gif */; };
		396488822A6ECB59008B4CC4 /* API.swift in Sources */ = {isa = PBXBuildFile; fileRef = 396488812A6ECB59008B4CC4 /* API.swift */; };
		396488842A6ECBA1008B4CC4 /* NetworkManager.swift in Sources */ = {isa = PBXBuildFile; fileRef = 396488832A6ECBA1008B4CC4 /* NetworkManager.swift */; };
		396488862A6F170D008B4CC4 /* ResponseModel.swift in Sources */ = {isa = PBXBuildFile; fileRef = 396488852A6F170D008B4CC4 /* ResponseModel.swift */; };
		3964888C2A6F6F14008B4CC4 /* ImageExtension.swift in Sources */ = {isa = PBXBuildFile; fileRef = 3964888B2A6F6F14008B4CC4 /* ImageExtension.swift */; };
		396488FA2A6FC54F008B4CC4 /* CharacterCore.xcdatamodeld in Sources */ = {isa = PBXBuildFile; fileRef = 396488F82A6FC54E008B4CC4 /* CharacterCore.xcdatamodeld */; };
		3964890E2A6FD139008B4CC4 /* CoreDataStack.swift in Sources */ = {isa = PBXBuildFile; fileRef = 3964890D2A6FD139008B4CC4 /* CoreDataStack.swift */; };
		3976210D2A6E484C001420D9 /* Gif.swift in Sources */ = {isa = PBXBuildFile; fileRef = 3976210C2A6E484C001420D9 /* Gif.swift */; };
		3976210F2A6E4EB1001420D9 /* CharacterDetailViewController.swift in Sources */ = {isa = PBXBuildFile; fileRef = 3976210E2A6E4EB1001420D9 /* CharacterDetailViewController.swift */; };
		397621112A6E4F12001420D9 /* Character.swift in Sources */ = {isa = PBXBuildFile; fileRef = 397621102A6E4F12001420D9 /* Character.swift */; };
		397621132A6E4F3A001420D9 /* CharacterListViewController.swift in Sources */ = {isa = PBXBuildFile; fileRef = 397621122A6E4F3A001420D9 /* CharacterListViewController.swift */; };
		397621152A6E4F5F001420D9 /* CharacterTableView.swift in Sources */ = {isa = PBXBuildFile; fileRef = 397621142A6E4F5F001420D9 /* CharacterTableView.swift */; };
		3992CDF02A6E31DD001C3F8C /* AppDelegate.swift in Sources */ = {isa = PBXBuildFile; fileRef = 3992CDEF2A6E31DD001C3F8C /* AppDelegate.swift */; };
		3992CDF22A6E31DD001C3F8C /* SceneDelegate.swift in Sources */ = {isa = PBXBuildFile; fileRef = 3992CDF12A6E31DD001C3F8C /* SceneDelegate.swift */; };
		3992CDF42A6E31DD001C3F8C /* LaunchViewController.swift in Sources */ = {isa = PBXBuildFile; fileRef = 3992CDF32A6E31DD001C3F8C /* LaunchViewController.swift */; };
		3992CDF92A6E31DE001C3F8C /* Assets.xcassets in Resources */ = {isa = PBXBuildFile; fileRef = 3992CDF82A6E31DE001C3F8C /* Assets.xcassets */; };
		FBF72EDD78B1B07FE3CAE4DA /* Pods_hw.framework in Frameworks */ = {isa = PBXBuildFile; fileRef = 912F8DBEA2BC2B2356DF4128 /* Pods_hw.framework */; };
/* End PBXBuildFile section */

/* Begin PBXFileReference section */
		39605E0C2A70673600A8C47B /* PersistentContainer.swift */ = {isa = PBXFileReference; lastKnownFileType = sourcecode.swift; path = PersistentContainer.swift; sourceTree = "<group>"; };
		39605E152A70E89100A8C47B /* LaunchView.swift */ = {isa = PBXFileReference; lastKnownFileType = sourcecode.swift; path = LaunchView.swift; sourceTree = "<group>"; };
		39605E172A70E90C00A8C47B /* CharacterListView.swift */ = {isa = PBXFileReference; lastKnownFileType = sourcecode.swift; path = CharacterListView.swift; sourceTree = "<group>"; };
		39605E1B2A70EEDB00A8C47B /* CharacterDetailView.swift */ = {isa = PBXFileReference; lastKnownFileType = sourcecode.swift; path = CharacterDetailView.swift; sourceTree = "<group>"; };
		39605E1D2A70F42000A8C47B /* CharacterDetailTableView.swift */ = {isa = PBXFileReference; lastKnownFileType = sourcecode.swift; path = CharacterDetailTableView.swift; sourceTree = "<group>"; };
		3964887D2A6EC7F6008B4CC4 /* speedrun.gif */ = {isa = PBXFileReference; lastKnownFileType = image.gif; name = speedrun.gif; path = assets/speedrun.gif; sourceTree = SOURCE_ROOT; };
		396488812A6ECB59008B4CC4 /* API.swift */ = {isa = PBXFileReference; lastKnownFileType = sourcecode.swift; path = API.swift; sourceTree = "<group>"; };
		396488832A6ECBA1008B4CC4 /* NetworkManager.swift */ = {isa = PBXFileReference; lastKnownFileType = sourcecode.swift; path = NetworkManager.swift; sourceTree = "<group>"; };
		396488852A6F170D008B4CC4 /* ResponseModel.swift */ = {isa = PBXFileReference; lastKnownFileType = sourcecode.swift; path = ResponseModel.swift; sourceTree = "<group>"; };
		3964888B2A6F6F14008B4CC4 /* ImageExtension.swift */ = {isa = PBXFileReference; lastKnownFileType = sourcecode.swift; path = ImageExtension.swift; sourceTree = "<group>"; };
		396488F92A6FC54E008B4CC4 /* CharacterModel.xcdatamodel */ = {isa = PBXFileReference; lastKnownFileType = wrapper.xcdatamodel; path = CharacterModel.xcdatamodel; sourceTree = "<group>"; };
		396489052A6FCC3F008B4CC4 /* CharacterCore+CoreDataClass.swift */ = {isa = PBXFileReference; lastKnownFileType = sourcecode.swift; path = "CharacterCore+CoreDataClass.swift"; sourceTree = SOURCE_ROOT; };
		396489062A6FCC3F008B4CC4 /* CharacterCore+CoreDataProperties.swift */ = {isa = PBXFileReference; lastKnownFileType = sourcecode.swift; path = "CharacterCore+CoreDataProperties.swift"; sourceTree = SOURCE_ROOT; };
		3964890D2A6FD139008B4CC4 /* CoreDataStack.swift */ = {isa = PBXFileReference; lastKnownFileType = sourcecode.swift; path = CoreDataStack.swift; sourceTree = "<group>"; };
		3976210C2A6E484C001420D9 /* Gif.swift */ = {isa = PBXFileReference; lastKnownFileType = sourcecode.swift; path = Gif.swift; sourceTree = "<group>"; };
		3976210E2A6E4EB1001420D9 /* CharacterDetailViewController.swift */ = {isa = PBXFileReference; lastKnownFileType = sourcecode.swift; path = CharacterDetailViewController.swift; sourceTree = "<group>"; };
		397621102A6E4F12001420D9 /* Character.swift */ = {isa = PBXFileReference; lastKnownFileType = sourcecode.swift; path = Character.swift; sourceTree = "<group>"; };
		397621122A6E4F3A001420D9 /* CharacterListViewController.swift */ = {isa = PBXFileReference; lastKnownFileType = sourcecode.swift; path = CharacterListViewController.swift; sourceTree = "<group>"; };
		397621142A6E4F5F001420D9 /* CharacterTableView.swift */ = {isa = PBXFileReference; lastKnownFileType = sourcecode.swift; path = CharacterTableView.swift; sourceTree = "<group>"; };
		3992CDEC2A6E31DD001C3F8C /* hw.app */ = {isa = PBXFileReference; explicitFileType = wrapper.application; includeInIndex = 0; path = hw.app; sourceTree = BUILT_PRODUCTS_DIR; };
		3992CDEF2A6E31DD001C3F8C /* AppDelegate.swift */ = {isa = PBXFileReference; lastKnownFileType = sourcecode.swift; path = AppDelegate.swift; sourceTree = "<group>"; };
		3992CDF12A6E31DD001C3F8C /* SceneDelegate.swift */ = {isa = PBXFileReference; lastKnownFileType = sourcecode.swift; path = SceneDelegate.swift; sourceTree = "<group>"; };
		3992CDF32A6E31DD001C3F8C /* LaunchViewController.swift */ = {isa = PBXFileReference; lastKnownFileType = sourcecode.swift; path = LaunchViewController.swift; sourceTree = "<group>"; };
		3992CDF82A6E31DE001C3F8C /* Assets.xcassets */ = {isa = PBXFileReference; lastKnownFileType = folder.assetcatalog; path = Assets.xcassets; sourceTree = "<group>"; };
		3992CDFD2A6E31DE001C3F8C /* Info.plist */ = {isa = PBXFileReference; lastKnownFileType = text.plist.xml; path = Info.plist; sourceTree = "<group>"; };
		912F8DBEA2BC2B2356DF4128 /* Pods_hw.framework */ = {isa = PBXFileReference; explicitFileType = wrapper.framework; includeInIndex = 0; path = Pods_hw.framework; sourceTree = BUILT_PRODUCTS_DIR; };
		966220D9B8BB333A310BB4C7 /* Pods-hw.debug.xcconfig */ = {isa = PBXFileReference; includeInIndex = 1; lastKnownFileType = text.xcconfig; name = "Pods-hw.debug.xcconfig"; path = "Target Support Files/Pods-hw/Pods-hw.debug.xcconfig"; sourceTree = "<group>"; };
		D6AD75FF8BC8A10E42BF774F /* Pods-hw.release.xcconfig */ = {isa = PBXFileReference; includeInIndex = 1; lastKnownFileType = text.xcconfig; name = "Pods-hw.release.xcconfig"; path = "Target Support Files/Pods-hw/Pods-hw.release.xcconfig"; sourceTree = "<group>"; };
/* End PBXFileReference section */

/* Begin PBXFrameworksBuildPhase section */
		3992CDE92A6E31DD001C3F8C /* Frameworks */ = {
			isa = PBXFrameworksBuildPhase;
			buildActionMask = 2147483647;
			files = (
				FBF72EDD78B1B07FE3CAE4DA /* Pods_hw.framework in Frameworks */,
			);
			runOnlyForDeploymentPostprocessing = 0;
		};
/* End PBXFrameworksBuildPhase section */

/* Begin PBXGroup section */
		017B984416897E5D0C8346FB /* Pods */ = {
			isa = PBXGroup;
			children = (
				966220D9B8BB333A310BB4C7 /* Pods-hw.debug.xcconfig */,
				D6AD75FF8BC8A10E42BF774F /* Pods-hw.release.xcconfig */,
			);
			path = Pods;
			sourceTree = "<group>";
		};
		39605E142A70E7D000A8C47B /* Controllers */ = {
			isa = PBXGroup;
			children = (
				3992CDF32A6E31DD001C3F8C /* LaunchViewController.swift */,
				397621122A6E4F3A001420D9 /* CharacterListViewController.swift */,
				3976210E2A6E4EB1001420D9 /* CharacterDetailViewController.swift */,
			);
			path = Controllers;
			sourceTree = "<group>";
		};
		396488872A6F1B09008B4CC4 /* Views */ = {
			isa = PBXGroup;
			children = (
				39605E152A70E89100A8C47B /* LaunchView.swift */,
				397621142A6E4F5F001420D9 /* CharacterTableView.swift */,
				39605E172A70E90C00A8C47B /* CharacterListView.swift */,
				39605E1B2A70EEDB00A8C47B /* CharacterDetailView.swift */,
				39605E1D2A70F42000A8C47B /* CharacterDetailTableView.swift */,
			);
			path = Views;
			sourceTree = "<group>";
		};
		396488892A6F1B5C008B4CC4 /* Services */ = {
			isa = PBXGroup;
			children = (
				3976210C2A6E484C001420D9 /* Gif.swift */,
				396488812A6ECB59008B4CC4 /* API.swift */,
				396488832A6ECBA1008B4CC4 /* NetworkManager.swift */,
				396489002A6FC905008B4CC4 /* CoreData */,
			);
			path = Services;
			sourceTree = "<group>";
		};
		3964888A2A6F1B85008B4CC4 /* Models */ = {
			isa = PBXGroup;
			children = (
				396488852A6F170D008B4CC4 /* ResponseModel.swift */,
				397621102A6E4F12001420D9 /* Character.swift */,
			);
			path = Models;
			sourceTree = "<group>";
		};
		3964888D2A6F768D008B4CC4 /* Extensions */ = {
			isa = PBXGroup;
			children = (
				3964888B2A6F6F14008B4CC4 /* ImageExtension.swift */,
			);
			path = Extensions;
			sourceTree = "<group>";
		};
		396489002A6FC905008B4CC4 /* CoreData */ = {
			isa = PBXGroup;
			children = (
				396489052A6FCC3F008B4CC4 /* CharacterCore+CoreDataClass.swift */,
				396489062A6FCC3F008B4CC4 /* CharacterCore+CoreDataProperties.swift */,
				396488F82A6FC54E008B4CC4 /* CharacterCore.xcdatamodeld */,
				3964890D2A6FD139008B4CC4 /* CoreDataStack.swift */,
				39605E0C2A70673600A8C47B /* PersistentContainer.swift */,
			);
			path = CoreData;
			sourceTree = "<group>";
		};
		3992CDE32A6E31DC001C3F8C = {
			isa = PBXGroup;
			children = (
				3992CDEE2A6E31DD001C3F8C /* hw */,
				3992CDED2A6E31DD001C3F8C /* Products */,
				017B984416897E5D0C8346FB /* Pods */,
				50434169993BBDC92B80D906 /* Frameworks */,
			);
			sourceTree = "<group>";
		};
		3992CDED2A6E31DD001C3F8C /* Products */ = {
			isa = PBXGroup;
			children = (
				3992CDEC2A6E31DD001C3F8C /* hw.app */,
			);
			name = Products;
			sourceTree = "<group>";
		};
		3992CDEE2A6E31DD001C3F8C /* hw */ = {
			isa = PBXGroup;
			children = (
				3964888A2A6F1B85008B4CC4 /* Models */,
				39605E142A70E7D000A8C47B /* Controllers */,
				396488872A6F1B09008B4CC4 /* Views */,
				3964888D2A6F768D008B4CC4 /* Extensions */,
				396488892A6F1B5C008B4CC4 /* Services */,
				3992CDEF2A6E31DD001C3F8C /* AppDelegate.swift */,
				3992CDF12A6E31DD001C3F8C /* SceneDelegate.swift */,
				3992CDF82A6E31DE001C3F8C /* Assets.xcassets */,
				3992CDFD2A6E31DE001C3F8C /* Info.plist */,
				3964887D2A6EC7F6008B4CC4 /* speedrun.gif */,
			);
			path = hw;
			sourceTree = "<group>";
		};
		50434169993BBDC92B80D906 /* Frameworks */ = {
			isa = PBXGroup;
			children = (
				912F8DBEA2BC2B2356DF4128 /* Pods_hw.framework */,
			);
			name = Frameworks;
			sourceTree = "<group>";
		};
/* End PBXGroup section */

/* Begin PBXNativeTarget section */
		3992CDEB2A6E31DD001C3F8C /* hw */ = {
			isa = PBXNativeTarget;
			buildConfigurationList = 3992CE002A6E31DE001C3F8C /* Build configuration list for PBXNativeTarget "hw" */;
			buildPhases = (
				58AD2F9552E1203DF4070518 /* [CP] Check Pods Manifest.lock */,
				3992CDE82A6E31DD001C3F8C /* Sources */,
				3992CDE92A6E31DD001C3F8C /* Frameworks */,
				3992CDEA2A6E31DD001C3F8C /* Resources */,
				B01E49E204B8FC51790FCBCD /* [CP] Embed Pods Frameworks */,
			);
			buildRules = (
			);
			dependencies = (
			);
			name = hw;
			productName = hw;
			productReference = 3992CDEC2A6E31DD001C3F8C /* hw.app */;
			productType = "com.apple.product-type.application";
		};
/* End PBXNativeTarget section */

/* Begin PBXProject section */
		3992CDE42A6E31DC001C3F8C /* Project object */ = {
			isa = PBXProject;
			attributes = {
				BuildIndependentTargetsInParallel = 1;
				LastSwiftUpdateCheck = 1430;
				LastUpgradeCheck = 1430;
				TargetAttributes = {
					3992CDEB2A6E31DD001C3F8C = {
						CreatedOnToolsVersion = 14.3.1;
					};
				};
			};
			buildConfigurationList = 3992CDE72A6E31DC001C3F8C /* Build configuration list for PBXProject "hw" */;
			compatibilityVersion = "Xcode 14.0";
			developmentRegion = en;
			hasScannedForEncodings = 0;
			knownRegions = (
				en,
				Base,
			);
			mainGroup = 3992CDE32A6E31DC001C3F8C;
			productRefGroup = 3992CDED2A6E31DD001C3F8C /* Products */;
			projectDirPath = "";
			projectRoot = "";
			targets = (
				3992CDEB2A6E31DD001C3F8C /* hw */,
			);
		};
/* End PBXProject section */

/* Begin PBXResourcesBuildPhase section */
		3992CDEA2A6E31DD001C3F8C /* Resources */ = {
			isa = PBXResourcesBuildPhase;
			buildActionMask = 2147483647;
			files = (
				3964887E2A6EC7F6008B4CC4 /* speedrun.gif in Resources */,
				3992CDF92A6E31DE001C3F8C /* Assets.xcassets in Resources */,
			);
			runOnlyForDeploymentPostprocessing = 0;
		};
/* End PBXResourcesBuildPhase section */

/* Begin PBXShellScriptBuildPhase section */
		58AD2F9552E1203DF4070518 /* [CP] Check Pods Manifest.lock */ = {
			isa = PBXShellScriptBuildPhase;
			buildActionMask = 2147483647;
			files = (
			);
			inputFileListPaths = (
			);
			inputPaths = (
				"${PODS_PODFILE_DIR_PATH}/Podfile.lock",
				"${PODS_ROOT}/Manifest.lock",
			);
			name = "[CP] Check Pods Manifest.lock";
			outputFileListPaths = (
			);
			outputPaths = (
				"$(DERIVED_FILE_DIR)/Pods-hw-checkManifestLockResult.txt",
			);
			runOnlyForDeploymentPostprocessing = 0;
			shellPath = /bin/sh;
			shellScript = "diff \"${PODS_PODFILE_DIR_PATH}/Podfile.lock\" \"${PODS_ROOT}/Manifest.lock\" > /dev/null\nif [ $? != 0 ] ; then\n    # print error to STDERR\n    echo \"error: The sandbox is not in sync with the Podfile.lock. Run 'pod install' or update your CocoaPods installation.\" >&2\n    exit 1\nfi\n# This output is used by Xcode 'outputs' to avoid re-running this script phase.\necho \"SUCCESS\" > \"${SCRIPT_OUTPUT_FILE_0}\"\n";
			showEnvVarsInLog = 0;
		};
		B01E49E204B8FC51790FCBCD /* [CP] Embed Pods Frameworks */ = {
			isa = PBXShellScriptBuildPhase;
			buildActionMask = 2147483647;
			files = (
			);
			inputFileListPaths = (
				"${PODS_ROOT}/Target Support Files/Pods-hw/Pods-hw-frameworks-${CONFIGURATION}-input-files.xcfilelist",
			);
			name = "[CP] Embed Pods Frameworks";
			outputFileListPaths = (
				"${PODS_ROOT}/Target Support Files/Pods-hw/Pods-hw-frameworks-${CONFIGURATION}-output-files.xcfilelist",
			);
			runOnlyForDeploymentPostprocessing = 0;
			shellPath = /bin/sh;
			shellScript = "\"${PODS_ROOT}/Target Support Files/Pods-hw/Pods-hw-frameworks.sh\"\n";
			showEnvVarsInLog = 0;
		};
/* End PBXShellScriptBuildPhase section */

/* Begin PBXSourcesBuildPhase section */
		3992CDE82A6E31DD001C3F8C /* Sources */ = {
			isa = PBXSourcesBuildPhase;
			buildActionMask = 2147483647;
			files = (
				39605E1E2A70F42000A8C47B /* CharacterDetailTableView.swift in Sources */,
				3992CDF42A6E31DD001C3F8C /* LaunchViewController.swift in Sources */,
				39605E162A70E89100A8C47B /* LaunchView.swift in Sources */,
				3976210F2A6E4EB1001420D9 /* CharacterDetailViewController.swift in Sources */,
				39605E0D2A70673600A8C47B /* PersistentContainer.swift in Sources */,
				3992CDF02A6E31DD001C3F8C /* AppDelegate.swift in Sources */,
				397621112A6E4F12001420D9 /* Character.swift in Sources */,
				396488842A6ECBA1008B4CC4 /* NetworkManager.swift in Sources */,
				396488822A6ECB59008B4CC4 /* API.swift in Sources */,
				397621132A6E4F3A001420D9 /* CharacterListViewController.swift in Sources */,
				39605E1C2A70EEDB00A8C47B /* CharacterDetailView.swift in Sources */,
				3964890E2A6FD139008B4CC4 /* CoreDataStack.swift in Sources */,
				3964888C2A6F6F14008B4CC4 /* ImageExtension.swift in Sources */,
				397621152A6E4F5F001420D9 /* CharacterTableView.swift in Sources */,
				39605E182A70E90C00A8C47B /* CharacterListView.swift in Sources */,
				3976210D2A6E484C001420D9 /* Gif.swift in Sources */,
				396488FA2A6FC54F008B4CC4 /* CharacterCore.xcdatamodeld in Sources */,
				396488862A6F170D008B4CC4 /* ResponseModel.swift in Sources */,
				3992CDF22A6E31DD001C3F8C /* SceneDelegate.swift in Sources */,
			);
			runOnlyForDeploymentPostprocessing = 0;
		};
/* End PBXSourcesBuildPhase section */

/* Begin XCBuildConfiguration section */
		3992CDFE2A6E31DE001C3F8C /* Debug */ = {
			isa = XCBuildConfiguration;
			buildSettings = {
				ALWAYS_SEARCH_USER_PATHS = NO;
				CLANG_ANALYZER_NONNULL = YES;
				CLANG_ANALYZER_NUMBER_OBJECT_CONVERSION = YES_AGGRESSIVE;
				CLANG_CXX_LANGUAGE_STANDARD = "gnu++20";
				CLANG_ENABLE_MODULES = YES;
				CLANG_ENABLE_OBJC_ARC = YES;
				CLANG_ENABLE_OBJC_WEAK = YES;
				CLANG_WARN_BLOCK_CAPTURE_AUTORELEASING = YES;
				CLANG_WARN_BOOL_CONVERSION = YES;
				CLANG_WARN_COMMA = YES;
				CLANG_WARN_CONSTANT_CONVERSION = YES;
				CLANG_WARN_DEPRECATED_OBJC_IMPLEMENTATIONS = YES;
				CLANG_WARN_DIRECT_OBJC_ISA_USAGE = YES_ERROR;
				CLANG_WARN_DOCUMENTATION_COMMENTS = YES;
				CLANG_WARN_EMPTY_BODY = YES;
				CLANG_WARN_ENUM_CONVERSION = YES;
				CLANG_WARN_INFINITE_RECURSION = YES;
				CLANG_WARN_INT_CONVERSION = YES;
				CLANG_WARN_NON_LITERAL_NULL_CONVERSION = YES;
				CLANG_WARN_OBJC_IMPLICIT_RETAIN_SELF = YES;
				CLANG_WARN_OBJC_LITERAL_CONVERSION = YES;
				CLANG_WARN_OBJC_ROOT_CLASS = YES_ERROR;
				CLANG_WARN_QUOTED_INCLUDE_IN_FRAMEWORK_HEADER = YES;
				CLANG_WARN_RANGE_LOOP_ANALYSIS = YES;
				CLANG_WARN_STRICT_PROTOTYPES = YES;
				CLANG_WARN_SUSPICIOUS_MOVE = YES;
				CLANG_WARN_UNGUARDED_AVAILABILITY = YES_AGGRESSIVE;
				CLANG_WARN_UNREACHABLE_CODE = YES;
				CLANG_WARN__DUPLICATE_METHOD_MATCH = YES;
				COPY_PHASE_STRIP = NO;
				DEBUG_INFORMATION_FORMAT = dwarf;
				ENABLE_STRICT_OBJC_MSGSEND = YES;
				ENABLE_TESTABILITY = YES;
				GCC_C_LANGUAGE_STANDARD = gnu11;
				GCC_DYNAMIC_NO_PIC = NO;
				GCC_NO_COMMON_BLOCKS = YES;
				GCC_OPTIMIZATION_LEVEL = 0;
				GCC_PREPROCESSOR_DEFINITIONS = (
					"DEBUG=1",
					"$(inherited)",
				);
				GCC_WARN_64_TO_32_BIT_CONVERSION = YES;
				GCC_WARN_ABOUT_RETURN_TYPE = YES_ERROR;
				GCC_WARN_UNDECLARED_SELECTOR = YES;
				GCC_WARN_UNINITIALIZED_AUTOS = YES_AGGRESSIVE;
				GCC_WARN_UNUSED_FUNCTION = YES;
				GCC_WARN_UNUSED_VARIABLE = YES;
				IPHONEOS_DEPLOYMENT_TARGET = 16.4;
				MTL_ENABLE_DEBUG_INFO = INCLUDE_SOURCE;
				MTL_FAST_MATH = YES;
				ONLY_ACTIVE_ARCH = YES;
				SDKROOT = iphoneos;
				SWIFT_ACTIVE_COMPILATION_CONDITIONS = DEBUG;
				SWIFT_OPTIMIZATION_LEVEL = "-Onone";
			};
			name = Debug;
		};
		3992CDFF2A6E31DE001C3F8C /* Release */ = {
			isa = XCBuildConfiguration;
			buildSettings = {
				ALWAYS_SEARCH_USER_PATHS = NO;
				CLANG_ANALYZER_NONNULL = YES;
				CLANG_ANALYZER_NUMBER_OBJECT_CONVERSION = YES_AGGRESSIVE;
				CLANG_CXX_LANGUAGE_STANDARD = "gnu++20";
				CLANG_ENABLE_MODULES = YES;
				CLANG_ENABLE_OBJC_ARC = YES;
				CLANG_ENABLE_OBJC_WEAK = YES;
				CLANG_WARN_BLOCK_CAPTURE_AUTORELEASING = YES;
				CLANG_WARN_BOOL_CONVERSION = YES;
				CLANG_WARN_COMMA = YES;
				CLANG_WARN_CONSTANT_CONVERSION = YES;
				CLANG_WARN_DEPRECATED_OBJC_IMPLEMENTATIONS = YES;
				CLANG_WARN_DIRECT_OBJC_ISA_USAGE = YES_ERROR;
				CLANG_WARN_DOCUMENTATION_COMMENTS = YES;
				CLANG_WARN_EMPTY_BODY = YES;
				CLANG_WARN_ENUM_CONVERSION = YES;
				CLANG_WARN_INFINITE_RECURSION = YES;
				CLANG_WARN_INT_CONVERSION = YES;
				CLANG_WARN_NON_LITERAL_NULL_CONVERSION = YES;
				CLANG_WARN_OBJC_IMPLICIT_RETAIN_SELF = YES;
				CLANG_WARN_OBJC_LITERAL_CONVERSION = YES;
				CLANG_WARN_OBJC_ROOT_CLASS = YES_ERROR;
				CLANG_WARN_QUOTED_INCLUDE_IN_FRAMEWORK_HEADER = YES;
				CLANG_WARN_RANGE_LOOP_ANALYSIS = YES;
				CLANG_WARN_STRICT_PROTOTYPES = YES;
				CLANG_WARN_SUSPICIOUS_MOVE = YES;
				CLANG_WARN_UNGUARDED_AVAILABILITY = YES_AGGRESSIVE;
				CLANG_WARN_UNREACHABLE_CODE = YES;
				CLANG_WARN__DUPLICATE_METHOD_MATCH = YES;
				COPY_PHASE_STRIP = NO;
				DEBUG_INFORMATION_FORMAT = "dwarf-with-dsym";
				ENABLE_NS_ASSERTIONS = NO;
				ENABLE_STRICT_OBJC_MSGSEND = YES;
				GCC_C_LANGUAGE_STANDARD = gnu11;
				GCC_NO_COMMON_BLOCKS = YES;
				GCC_WARN_64_TO_32_BIT_CONVERSION = YES;
				GCC_WARN_ABOUT_RETURN_TYPE = YES_ERROR;
				GCC_WARN_UNDECLARED_SELECTOR = YES;
				GCC_WARN_UNINITIALIZED_AUTOS = YES_AGGRESSIVE;
				GCC_WARN_UNUSED_FUNCTION = YES;
				GCC_WARN_UNUSED_VARIABLE = YES;
				IPHONEOS_DEPLOYMENT_TARGET = 16.4;
				MTL_ENABLE_DEBUG_INFO = NO;
				MTL_FAST_MATH = YES;
				SDKROOT = iphoneos;
				SWIFT_COMPILATION_MODE = wholemodule;
				SWIFT_OPTIMIZATION_LEVEL = "-O";
				VALIDATE_PRODUCT = YES;
			};
			name = Release;
		};
		3992CE012A6E31DE001C3F8C /* Debug */ = {
			isa = XCBuildConfiguration;
			baseConfigurationReference = 966220D9B8BB333A310BB4C7 /* Pods-hw.debug.xcconfig */;
			buildSettings = {
				ASSETCATALOG_COMPILER_APPICON_NAME = AppIcon;
				ASSETCATALOG_COMPILER_GLOBAL_ACCENT_COLOR_NAME = AccentColor;
				CODE_SIGN_STYLE = Automatic;
				CURRENT_PROJECT_VERSION = 1;
				DEVELOPMENT_TEAM = 785TZQCGY6;
				GENERATE_INFOPLIST_FILE = YES;
				INFOPLIST_FILE = hw/Info.plist;
				INFOPLIST_KEY_UIApplicationSupportsIndirectInputEvents = YES;
				INFOPLIST_KEY_UILaunchScreen_Generation = YES;
				INFOPLIST_KEY_UIMainStoryboardFile = "";
				INFOPLIST_KEY_UISupportedInterfaceOrientations_iPad = "UIInterfaceOrientationPortrait UIInterfaceOrientationPortraitUpsideDown UIInterfaceOrientationLandscapeLeft UIInterfaceOrientationLandscapeRight";
				INFOPLIST_KEY_UISupportedInterfaceOrientations_iPhone = "UIInterfaceOrientationPortrait UIInterfaceOrientationLandscapeLeft UIInterfaceOrientationLandscapeRight";
				LD_RUNPATH_SEARCH_PATHS = (
					"$(inherited)",
					"@executable_path/Frameworks",
				);
				MARKETING_VERSION = 1.0;
				PRODUCT_BUNDLE_IDENTIFIER = "timur-harin.hw";
				PRODUCT_NAME = "$(TARGET_NAME)";
				SWIFT_EMIT_LOC_STRINGS = YES;
				SWIFT_VERSION = 5.0;
				TARGETED_DEVICE_FAMILY = "1,2";
			};
			name = Debug;
		};
		3992CE022A6E31DE001C3F8C /* Release */ = {
			isa = XCBuildConfiguration;
			baseConfigurationReference = D6AD75FF8BC8A10E42BF774F /* Pods-hw.release.xcconfig */;
			buildSettings = {
				ASSETCATALOG_COMPILER_APPICON_NAME = AppIcon;
				ASSETCATALOG_COMPILER_GLOBAL_ACCENT_COLOR_NAME = AccentColor;
				CODE_SIGN_STYLE = Automatic;
				CURRENT_PROJECT_VERSION = 1;
				DEVELOPMENT_TEAM = 785TZQCGY6;
				GENERATE_INFOPLIST_FILE = YES;
				INFOPLIST_FILE = hw/Info.plist;
				INFOPLIST_KEY_UIApplicationSupportsIndirectInputEvents = YES;
				INFOPLIST_KEY_UILaunchScreen_Generation = YES;
				INFOPLIST_KEY_UIMainStoryboardFile = "";
				INFOPLIST_KEY_UISupportedInterfaceOrientations_iPad = "UIInterfaceOrientationPortrait UIInterfaceOrientationPortraitUpsideDown UIInterfaceOrientationLandscapeLeft UIInterfaceOrientationLandscapeRight";
				INFOPLIST_KEY_UISupportedInterfaceOrientations_iPhone = "UIInterfaceOrientationPortrait UIInterfaceOrientationLandscapeLeft UIInterfaceOrientationLandscapeRight";
				LD_RUNPATH_SEARCH_PATHS = (
					"$(inherited)",
					"@executable_path/Frameworks",
				);
				MARKETING_VERSION = 1.0;
				PRODUCT_BUNDLE_IDENTIFIER = "timur-harin.hw";
				PRODUCT_NAME = "$(TARGET_NAME)";
				SWIFT_EMIT_LOC_STRINGS = YES;
				SWIFT_VERSION = 5.0;
				TARGETED_DEVICE_FAMILY = "1,2";
			};
			name = Release;
		};
/* End XCBuildConfiguration section */

/* Begin XCConfigurationList section */
		3992CDE72A6E31DC001C3F8C /* Build configuration list for PBXProject "hw" */ = {
			isa = XCConfigurationList;
			buildConfigurations = (
				3992CDFE2A6E31DE001C3F8C /* Debug */,
				3992CDFF2A6E31DE001C3F8C /* Release */,
			);
			defaultConfigurationIsVisible = 0;
			defaultConfigurationName = Release;
		};
		3992CE002A6E31DE001C3F8C /* Build configuration list for PBXNativeTarget "hw" */ = {
			isa = XCConfigurationList;
			buildConfigurations = (
				3992CE012A6E31DE001C3F8C /* Debug */,
				3992CE022A6E31DE001C3F8C /* Release */,
			);
			defaultConfigurationIsVisible = 0;
			defaultConfigurationName = Release;
		};
/* End XCConfigurationList section */

/* Begin XCVersionGroup section */
		396488F82A6FC54E008B4CC4 /* CharacterCore.xcdatamodeld */ = {
			isa = XCVersionGroup;
			children = (
				396488F92A6FC54E008B4CC4 /* CharacterModel.xcdatamodel */,
			);
			currentVersion = 396488F92A6FC54E008B4CC4 /* CharacterModel.xcdatamodel */;
			path = CharacterCore.xcdatamodeld;
			sourceTree = "<group>";
			versionGroupType = wrapper.xcdatamodel;
		};
/* End XCVersionGroup section */
	};
	rootObject = 3992CDE42A6E31DC001C3F8C /* Project object */;
}
